// !$*UTF8*$!
{
	archiveVersion = 1;
	classes = {
	};
	objectVersion = 77;
	objects = {

/* Begin PBXBuildFile section */
		07670DD412E0F79796D44699 /* BotListView.swift in Sources */ = {isa = PBXBuildFile; fileRef = 371D72CCCB665E6442DED8C8 /* BotListView.swift */; };
		087DC53315FB092D4F6436AD /* RootView.swift in Sources */ = {isa = PBXBuildFile; fileRef = 6EBEF05AFCCF44C92BDA91A3 /* RootView.swift */; };
		187068689418B6B25AE7B26A /* WidgetKit.framework in Frameworks */ = {isa = PBXBuildFile; fileRef = B274A0195CB3B2409EA4C194 /* WidgetKit.framework */; };
		1BD8A64454E95EF3726132A4 /* Assets.xcassets in Resources */ = {isa = PBXBuildFile; fileRef = 9FCF7D2E2AEC8C83B89E7B36 /* Assets.xcassets */; };
		1C2298904CADCA68ADF64F6B /* CodyncWidgets.swift in Sources */ = {isa = PBXBuildFile; fileRef = E70F8B0E7E2E15AAA8A2A0A7 /* CodyncWidgets.swift */; };
		2C1D071F93F790133BCB64DC /* CodyncUI in Frameworks */ = {isa = PBXBuildFile; productRef = C3EC157070A9B0A033C7F2A0 /* CodyncUI */; };
		30814D765E2D3522EC337CB8 /* ChatWindow.swift in Sources */ = {isa = PBXBuildFile; fileRef = 6F8473D6F162F5D18EF9D2EC /* ChatWindow.swift */; };
		341AB84FEF28FF194872D861 /* CodyncKit in Frameworks */ = {isa = PBXBuildFile; productRef = CDE38864BDC425F1240E1C02 /* CodyncKit */; };
		499113F4AB77E9EFEA72767F /* CodyncUI in Frameworks */ = {isa = PBXBuildFile; productRef = 5DAFE014EAFE809C427A475D /* CodyncUI */; };
		55D43F0D178B7A63BA4E81F3 /* CodyncWidgets.appex in Embed Foundation Extensions */ = {isa = PBXBuildFile; fileRef = 04030896973C4041E7FEB319 /* CodyncWidgets.appex */; settings = {ATTRIBUTES = (RemoveHeadersOnCopy, ); }; };
		61455BFB935FE1AAF67C4CD4 /* Push.swift in Sources */ = {isa = PBXBuildFile; fileRef = 74E27E10BA8F07E552E99BE9 /* Push.swift */; };
		76E613DFEABF73915C5FE9DC /* Assets.xcassets in Resources */ = {isa = PBXBuildFile; fileRef = AF5474468D6EBF22CB2FA1E9 /* Assets.xcassets */; };
		956D20C2D50A4D88F47AF700 /* PrivacyInfo.xcprivacy in Resources */ = {isa = PBXBuildFile; fileRef = 6C77446ADDBAA86236BC6F35 /* PrivacyInfo.xcprivacy */; };
		989285CFB52552A97D95366C /* PairingView.swift in Sources */ = {isa = PBXBuildFile; fileRef = 528534881700FE0CF94A49BC /* PairingView.swift */; };
		9D644515BB782DC91B1B71C8 /* SettingsView.swift in Sources */ = {isa = PBXBuildFile; fileRef = CD4B599F142017103B340A87 /* SettingsView.swift */; };
		A5BC3A614AB38A7A4E28B160 /* PrivacyInfo.xcprivacy in Resources */ = {isa = PBXBuildFile; fileRef = DB5C5DC7D03F6400ABA9A133 /* PrivacyInfo.xcprivacy */; };
		CED43A6F2ED71E48C95E9E38 /* HostController.swift in Sources */ = {isa = PBXBuildFile; fileRef = 01C28522569623733B9B096D /* HostController.swift */; };
		CEFE64EFFEA10B5ED60F2CE3 /* CodyncApp.swift in Sources */ = {isa = PBXBuildFile; fileRef = A3FCD76B514C8ECF2211945A /* CodyncApp.swift */; };
		D667C45D828CAD079A2EDD77 /* CodyncKit in Frameworks */ = {isa = PBXBuildFile; productRef = 4364B5D2EE15CB00ACF26E5D /* CodyncKit */; };
		D8E9E7B47361EEE30424455F /* CodyncKit in Frameworks */ = {isa = PBXBuildFile; productRef = 234AA35A60DF7D3E6D7CA45E /* CodyncKit */; };
		ED9C1500FD1CC591FCBD26CB /* CodyncMacApp.swift in Sources */ = {isa = PBXBuildFile; fileRef = 280FA54859773B9355860354 /* CodyncMacApp.swift */; };
		FEEBCD214CE268A636921FD9 /* SwiftUI.framework in Frameworks */ = {isa = PBXBuildFile; fileRef = 1E47C60032C326157E0386B8 /* SwiftUI.framework */; };
/* End PBXBuildFile section */

/* Begin PBXContainerItemProxy section */
		65AAB675493CB6BE712818A9 /* PBXContainerItemProxy */ = {
			isa = PBXContainerItemProxy;
			containerPortal = 5B6351DD20AF4506794D6460 /* Project object */;
			proxyType = 1;
			remoteGlobalIDString = 95A633B0E0FD05A1D35CA468;
			remoteInfo = CodyncWidgets;
		};
/* End PBXContainerItemProxy section */

/* Begin PBXCopyFilesBuildPhase section */
		AA3D7E40FB2438A6CD2D3DE7 /* Embed Foundation Extensions */ = {
			isa = PBXCopyFilesBuildPhase;
			buildActionMask = 2147483647;
			dstPath = "";
			dstSubfolderSpec = 13;
			files = (
				55D43F0D178B7A63BA4E81F3 /* CodyncWidgets.appex in Embed Foundation Extensions */,
			);
			name = "Embed Foundation Extensions";
			runOnlyForDeploymentPostprocessing = 0;
		};
/* End PBXCopyFilesBuildPhase section */

/* Begin PBXFileReference section */
		01C28522569623733B9B096D /* HostController.swift */ = {isa = PBXFileReference; lastKnownFileType = sourcecode.swift; path = HostController.swift; sourceTree = "<group>"; };
		04030896973C4041E7FEB319 /* CodyncWidgets.appex */ = {isa = PBXFileReference; includeInIndex = 0; lastKnownFileType = "wrapper.app-extension"; path = CodyncWidgets.appex; sourceTree = BUILT_PRODUCTS_DIR; };
		155F1B6DC4518164BE2C527F /* Codync-macOS.app */ = {isa = PBXFileReference; explicitFileType = wrapper.application; includeInIndex = 0; path = "Codync-macOS.app"; sourceTree = BUILT_PRODUCTS_DIR; };
		1753C1409D62F8F721BE833F /* Info.plist */ = {isa = PBXFileReference; lastKnownFileType = text.plist; path = Info.plist; sourceTree = "<group>"; };
		1E47C60032C326157E0386B8 /* SwiftUI.framework */ = {isa = PBXFileReference; lastKnownFileType = wrapper.framework; name = SwiftUI.framework; path = System/Library/Frameworks/SwiftUI.framework; sourceTree = SDKROOT; };
		280FA54859773B9355860354 /* CodyncMacApp.swift */ = {isa = PBXFileReference; lastKnownFileType = sourcecode.swift; path = CodyncMacApp.swift; sourceTree = "<group>"; };
		371D72CCCB665E6442DED8C8 /* BotListView.swift */ = {isa = PBXFileReference; lastKnownFileType = sourcecode.swift; path = BotListView.swift; sourceTree = "<group>"; };
		38FE26380B2072AE3FBD5CF5 /* CodyncWidgets.entitlements */ = {isa = PBXFileReference; lastKnownFileType = text.plist.entitlements; path = CodyncWidgets.entitlements; sourceTree = "<group>"; };
		528534881700FE0CF94A49BC /* PairingView.swift */ = {isa = PBXFileReference; lastKnownFileType = sourcecode.swift; path = PairingView.swift; sourceTree = "<group>"; };
		6C77446ADDBAA86236BC6F35 /* PrivacyInfo.xcprivacy */ = {isa = PBXFileReference; path = PrivacyInfo.xcprivacy; sourceTree = "<group>"; };
		6CCA896856A480F390EBA9AB /* Info.plist */ = {isa = PBXFileReference; lastKnownFileType = text.plist; path = Info.plist; sourceTree = "<group>"; };
		6EBEF05AFCCF44C92BDA91A3 /* RootView.swift */ = {isa = PBXFileReference; lastKnownFileType = sourcecode.swift; path = RootView.swift; sourceTree = "<group>"; };
		6F8473D6F162F5D18EF9D2EC /* ChatWindow.swift */ = {isa = PBXFileReference; lastKnownFileType = sourcecode.swift; path = ChatWindow.swift; sourceTree = "<group>"; };
		74E27E10BA8F07E552E99BE9 /* Push.swift */ = {isa = PBXFileReference; lastKnownFileType = sourcecode.swift; path = Push.swift; sourceTree = "<group>"; };
		835DB0566D924C508E360B8F /* CodyncKit */ = {isa = PBXFileReference; lastKnownFileType = folder; name = CodyncKit; path = CodyncKit; sourceTree = SOURCE_ROOT; };
		84B947AD5A042EA315737BBC /* Codync-iOS.app */ = {isa = PBXFileReference; includeInIndex = 0; lastKnownFileType = wrapper.application; path = "Codync-iOS.app"; sourceTree = BUILT_PRODUCTS_DIR; };
		9FCF7D2E2AEC8C83B89E7B36 /* Assets.xcassets */ = {isa = PBXFileReference; lastKnownFileType = folder.assetcatalog; path = Assets.xcassets; sourceTree = "<group>"; };
		A30032680EAD00ABD06D30BE /* Codync-iOS.entitlements */ = {isa = PBXFileReference; lastKnownFileType = text.plist.entitlements; path = "Codync-iOS.entitlements"; sourceTree = "<group>"; };
		A3FCD76B514C8ECF2211945A /* CodyncApp.swift */ = {isa = PBXFileReference; lastKnownFileType = sourcecode.swift; path = CodyncApp.swift; sourceTree = "<group>"; };
		AF5474468D6EBF22CB2FA1E9 /* Assets.xcassets */ = {isa = PBXFileReference; lastKnownFileType = folder.assetcatalog; path = Assets.xcassets; sourceTree = "<group>"; };
		B274A0195CB3B2409EA4C194 /* WidgetKit.framework */ = {isa = PBXFileReference; lastKnownFileType = wrapper.framework; name = WidgetKit.framework; path = System/Library/Frameworks/WidgetKit.framework; sourceTree = SDKROOT; };
		CD4B599F142017103B340A87 /* SettingsView.swift */ = {isa = PBXFileReference; lastKnownFileType = sourcecode.swift; path = SettingsView.swift; sourceTree = "<group>"; };
		DB5C5DC7D03F6400ABA9A133 /* PrivacyInfo.xcprivacy */ = {isa = PBXFileReference; path = PrivacyInfo.xcprivacy; sourceTree = "<group>"; };
		E70F8B0E7E2E15AAA8A2A0A7 /* CodyncWidgets.swift */ = {isa = PBXFileReference; lastKnownFileType = sourcecode.swift; path = CodyncWidgets.swift; sourceTree = "<group>"; };
/* End PBXFileReference section */

/* Begin PBXFrameworksBuildPhase section */
		23D362028BD4C2D187672C6B /* Frameworks */ = {
			isa = PBXFrameworksBuildPhase;
			buildActionMask = 2147483647;
			files = (
				341AB84FEF28FF194872D861 /* CodyncKit in Frameworks */,
				499113F4AB77E9EFEA72767F /* CodyncUI in Frameworks */,
			);
			runOnlyForDeploymentPostprocessing = 0;
		};
		BC19FCC84D9B1AF54A43BDB1 /* Frameworks */ = {
			isa = PBXFrameworksBuildPhase;
			buildActionMask = 2147483647;
			files = (
				D8E9E7B47361EEE30424455F /* CodyncKit in Frameworks */,
				2C1D071F93F790133BCB64DC /* CodyncUI in Frameworks */,
			);
			runOnlyForDeploymentPostprocessing = 0;
		};
		F84176A6E29D7445556D4800 /* Frameworks */ = {
			isa = PBXFrameworksBuildPhase;
			buildActionMask = 2147483647;
			files = (
				D667C45D828CAD079A2EDD77 /* CodyncKit in Frameworks */,
				187068689418B6B25AE7B26A /* WidgetKit.framework in Frameworks */,
				FEEBCD214CE268A636921FD9 /* SwiftUI.framework in Frameworks */,
			);
			runOnlyForDeploymentPostprocessing = 0;
		};
/* End PBXFrameworksBuildPhase section */

/* Begin PBXGroup section */
		3B3D0635CC47A804415E49C9 /* Frameworks */ = {
			isa = PBXGroup;
			children = (
				1E47C60032C326157E0386B8 /* SwiftUI.framework */,
				B274A0195CB3B2409EA4C194 /* WidgetKit.framework */,
			);
			name = Frameworks;
			sourceTree = "<group>";
		};
		3EC1FDCCFFFB4BA1A23FDDB0 /* Products */ = {
			isa = PBXGroup;
			children = (
				84B947AD5A042EA315737BBC /* Codync-iOS.app */,
				155F1B6DC4518164BE2C527F /* Codync-macOS.app */,
				04030896973C4041E7FEB319 /* CodyncWidgets.appex */,
			);
			name = Products;
			sourceTree = "<group>";
		};
		A5F024E89FF18E86F969369F /* CodyncWidgets */ = {
			isa = PBXGroup;
			children = (
				38FE26380B2072AE3FBD5CF5 /* CodyncWidgets.entitlements */,
				E70F8B0E7E2E15AAA8A2A0A7 /* CodyncWidgets.swift */,
				1753C1409D62F8F721BE833F /* Info.plist */,
				DB5C5DC7D03F6400ABA9A133 /* PrivacyInfo.xcprivacy */,
			);
			path = CodyncWidgets;
			sourceTree = "<group>";
		};
		AD54741A2330C502CD3BB628 /* Packages */ = {
			isa = PBXGroup;
			children = (
				835DB0566D924C508E360B8F /* CodyncKit */,
			);
			name = Packages;
			sourceTree = "<group>";
		};
		C9B7D3953422AE726DDC6347 = {
			isa = PBXGroup;
			children = (
				E096D8F5E751972A522C83C9 /* Codync-iOS */,
				D268A75203C21E1F0385AB59 /* Codync-macOS */,
				A5F024E89FF18E86F969369F /* CodyncWidgets */,
				AD54741A2330C502CD3BB628 /* Packages */,
				3B3D0635CC47A804415E49C9 /* Frameworks */,
				3EC1FDCCFFFB4BA1A23FDDB0 /* Products */,
			);
			sourceTree = "<group>";
		};
		D268A75203C21E1F0385AB59 /* Codync-macOS */ = {
			isa = PBXGroup;
			children = (
				9FCF7D2E2AEC8C83B89E7B36 /* Assets.xcassets */,
				6F8473D6F162F5D18EF9D2EC /* ChatWindow.swift */,
				280FA54859773B9355860354 /* CodyncMacApp.swift */,
				01C28522569623733B9B096D /* HostController.swift */,
			);
			path = "Codync-macOS";
			sourceTree = "<group>";
		};
		E096D8F5E751972A522C83C9 /* Codync-iOS */ = {
			isa = PBXGroup;
			children = (
				AF5474468D6EBF22CB2FA1E9 /* Assets.xcassets */,
				A30032680EAD00ABD06D30BE /* Codync-iOS.entitlements */,
				6CCA896856A480F390EBA9AB /* Info.plist */,
				6C77446ADDBAA86236BC6F35 /* PrivacyInfo.xcprivacy */,
				F474B3D70851CF6BC24ED9DE /* App */,
				EE65F2FAD6D95ABE28885E83 /* Views */,
			);
			path = "Codync-iOS";
			sourceTree = "<group>";
		};
		EE65F2FAD6D95ABE28885E83 /* Views */ = {
			isa = PBXGroup;
			children = (
				371D72CCCB665E6442DED8C8 /* BotListView.swift */,
				528534881700FE0CF94A49BC /* PairingView.swift */,
				6EBEF05AFCCF44C92BDA91A3 /* RootView.swift */,
				CD4B599F142017103B340A87 /* SettingsView.swift */,
			);
			path = Views;
			sourceTree = "<group>";
		};
		F474B3D70851CF6BC24ED9DE /* App */ = {
			isa = PBXGroup;
			children = (
				A3FCD76B514C8ECF2211945A /* CodyncApp.swift */,
				74E27E10BA8F07E552E99BE9 /* Push.swift */,
			);
			path = App;
			sourceTree = "<group>";
		};
/* End PBXGroup section */

/* Begin PBXNativeTarget section */
		306ED26C181D06BDE1E6EB55 /* Codync-iOS */ = {
			isa = PBXNativeTarget;
			buildConfigurationList = 300BC84D64F107B41629DDFD /* Build configuration list for PBXNativeTarget "Codync-iOS" */;
			buildPhases = (
				A9B4AF2EC917CEFCB162B091 /* Sources */,
				D4DD49FA9E802F4F2DF2B232 /* Resources */,
				23D362028BD4C2D187672C6B /* Frameworks */,
				AA3D7E40FB2438A6CD2D3DE7 /* Embed Foundation Extensions */,
			);
			buildRules = (
			);
			dependencies = (
				3AA5CFC9DFBBAE9D4564C791 /* PBXTargetDependency */,
			);
			name = "Codync-iOS";
			packageProductDependencies = (
				CDE38864BDC425F1240E1C02 /* CodyncKit */,
				5DAFE014EAFE809C427A475D /* CodyncUI */,
			);
			productName = "Codync-iOS";
			productReference = 84B947AD5A042EA315737BBC /* Codync-iOS.app */;
			productType = "com.apple.product-type.application";
		};
		95A633B0E0FD05A1D35CA468 /* CodyncWidgets */ = {
			isa = PBXNativeTarget;
			buildConfigurationList = 44E0D659F23143196DD57DE0 /* Build configuration list for PBXNativeTarget "CodyncWidgets" */;
			buildPhases = (
				EB674074085209A1C457557E /* Sources */,
				AD74120AC78F1A5E6D6E9CFF /* Resources */,
				F84176A6E29D7445556D4800 /* Frameworks */,
			);
			buildRules = (
			);
			dependencies = (
			);
			name = CodyncWidgets;
			packageProductDependencies = (
				4364B5D2EE15CB00ACF26E5D /* CodyncKit */,
			);
			productName = CodyncWidgets;
			productReference = 04030896973C4041E7FEB319 /* CodyncWidgets.appex */;
			productType = "com.apple.product-type.app-extension";
		};
		E8A9607522E696738C5CA56E /* Codync-macOS */ = {
			isa = PBXNativeTarget;
			buildConfigurationList = 055E41E3751AF5C2889C3938 /* Build configuration list for PBXNativeTarget "Codync-macOS" */;
			buildPhases = (
				E5233A2EF3EBD0703A3CD62B /* Sources */,
				E7B25FBC4C007B3E1A7E8B39 /* Resources */,
				BC19FCC84D9B1AF54A43BDB1 /* Frameworks */,
				35A6B7A814D5FF8E400C0EBA /* Embed codync-host */,
			);
			buildRules = (
			);
			dependencies = (
			);
			name = "Codync-macOS";
			packageProductDependencies = (
				234AA35A60DF7D3E6D7CA45E /* CodyncKit */,
				C3EC157070A9B0A033C7F2A0 /* CodyncUI */,
			);
			productName = "Codync-macOS";
			productReference = 155F1B6DC4518164BE2C527F /* Codync-macOS.app */;
			productType = "com.apple.product-type.application";
		};
/* End PBXNativeTarget section */

/* Begin PBXProject section */
		5B6351DD20AF4506794D6460 /* Project object */ = {
			isa = PBXProject;
			attributes = {
				BuildIndependentTargetsInParallel = YES;
				LastUpgradeCheck = 1430;
				TargetAttributes = {
					306ED26C181D06BDE1E6EB55 = {
						DevelopmentTeam = 7FUM8A8H72;
						ProvisioningStyle = Automatic;
					};
					95A633B0E0FD05A1D35CA468 = {
						DevelopmentTeam = 7FUM8A8H72;
						ProvisioningStyle = Automatic;
					};
					E8A9607522E696738C5CA56E = {
						DevelopmentTeam = 7FUM8A8H72;
						ProvisioningStyle = Automatic;
					};
				};
			};
			buildConfigurationList = F977CF173B7D60769B393751 /* Build configuration list for PBXProject "Codync" */;
			compatibilityVersion = "Xcode 14.0";
			developmentRegion = en;
			hasScannedForEncodings = 0;
			knownRegions = (
				Base,
				en,
			);
			mainGroup = C9B7D3953422AE726DDC6347;
			minimizedProjectReferenceProxies = 1;
			packageReferences = (
				F89E9C0E1EDA8BE6657FAB55 /* XCLocalSwiftPackageReference "CodyncKit" */,
			);
			preferredProjectObjectVersion = 77;
			projectDirPath = "";
			projectRoot = "";
			targets = (
				306ED26C181D06BDE1E6EB55 /* Codync-iOS */,
				E8A9607522E696738C5CA56E /* Codync-macOS */,
				95A633B0E0FD05A1D35CA468 /* CodyncWidgets */,
			);
		};
/* End PBXProject section */

/* Begin PBXResourcesBuildPhase section */
		AD74120AC78F1A5E6D6E9CFF /* Resources */ = {
			isa = PBXResourcesBuildPhase;
			buildActionMask = 2147483647;
			files = (
				A5BC3A614AB38A7A4E28B160 /* PrivacyInfo.xcprivacy in Resources */,
			);
			runOnlyForDeploymentPostprocessing = 0;
		};
		D4DD49FA9E802F4F2DF2B232 /* Resources */ = {
			isa = PBXResourcesBuildPhase;
			buildActionMask = 2147483647;
			files = (
				76E613DFEABF73915C5FE9DC /* Assets.xcassets in Resources */,
				956D20C2D50A4D88F47AF700 /* PrivacyInfo.xcprivacy in Resources */,
			);
			runOnlyForDeploymentPostprocessing = 0;
		};
		E7B25FBC4C007B3E1A7E8B39 /* Resources */ = {
			isa = PBXResourcesBuildPhase;
			buildActionMask = 2147483647;
			files = (
				1BD8A64454E95EF3726132A4 /* Assets.xcassets in Resources */,
			);
			runOnlyForDeploymentPostprocessing = 0;
		};
/* End PBXResourcesBuildPhase section */

/* Begin PBXShellScriptBuildPhase section */
		35A6B7A814D5FF8E400C0EBA /* Embed codync-host */ = {
			isa = PBXShellScriptBuildPhase;
			alwaysOutOfDate = 1;
			buildActionMask = 2147483647;
			files = (
			);
			inputFileListPaths = (
			);
			inputPaths = (
			);
			name = "Embed codync-host";
			outputFileListPaths = (
			);
			outputPaths = (
			);
			runOnlyForDeploymentPostprocessing = 0;
			shellPath = /bin/sh;
			shellScript = "# Builds the Rust host and ships it inside Codync.app/Contents/MacOS.\nexport PATH=\"$HOME/.cargo/bin:/opt/homebrew/bin:/usr/local/bin:$PATH\"\nif ! command -v cargo >/dev/null; then\n  echo \"warning: cargo not found; Codync.app will look for codync-host on PATH instead\"\n  exit 0\nfi\nPROFILE=release\n[ \"$CONFIGURATION\" = \"Debug\" ] && PROFILE=debug\nFLAGS=\"\"\n[ \"$PROFILE\" = \"release\" ] && FLAGS=\"--release\"\nif [ \"$PROFILE\" = \"release\" ]; then\n  rustup target add aarch64-apple-darwin x86_64-apple-darwin >/dev/null 2>&1 || true\n  cargo build --release --manifest-path \"$SRCROOT/host/Cargo.toml\" --target aarch64-apple-darwin &&\n  cargo build --release --manifest-path \"$SRCROOT/host/Cargo.toml\" --target x86_64-apple-darwin &&\n  lipo -create -output \"$SRCROOT/host/target/codync-host-universal\" \\\n    \"$SRCROOT/host/target/aarch64-apple-darwin/release/codync-host\" \\\n    \"$SRCROOT/host/target/x86_64-apple-darwin/release/codync-host\" &&\n  BIN=\"$SRCROOT/host/target/codync-host-universal\" ||\n  { cargo build --release --manifest-path \"$SRCROOT/host/Cargo.toml\" && BIN=\"$SRCROOT/host/target/release/codync-host\"; }\nelse\n  cargo build --manifest-path \"$SRCROOT/host/Cargo.toml\" && BIN=\"$SRCROOT/host/target/debug/codync-host\"\nfi\n[ -n \"$BIN\" ] || { echo \"error: building codync-host failed\"; exit 1; }\nDEST=\"$TARGET_BUILD_DIR/$EXECUTABLE_FOLDER_PATH/codync-host\"\ncp \"$BIN\" \"$DEST\"\nif [ -n \"$EXPANDED_CODE_SIGN_IDENTITY\" ] && [ \"$CODE_SIGNING_ALLOWED\" != \"NO\" ]; then\n  codesign --force --options runtime --timestamp=none --sign \"$EXPANDED_CODE_SIGN_IDENTITY\" \"$DEST\"\nfi\n";
			showEnvVarsInLog = 0;
		};
/* End PBXShellScriptBuildPhase section */

/* Begin PBXSourcesBuildPhase section */
		A9B4AF2EC917CEFCB162B091 /* Sources */ = {
			isa = PBXSourcesBuildPhase;
			buildActionMask = 2147483647;
			files = (
				07670DD412E0F79796D44699 /* BotListView.swift in Sources */,
				CEFE64EFFEA10B5ED60F2CE3 /* CodyncApp.swift in Sources */,
				989285CFB52552A97D95366C /* PairingView.swift in Sources */,
				61455BFB935FE1AAF67C4CD4 /* Push.swift in Sources */,
				087DC53315FB092D4F6436AD /* RootView.swift in Sources */,
				9D644515BB782DC91B1B71C8 /* SettingsView.swift in Sources */,
			);
			runOnlyForDeploymentPostprocessing = 0;
		};
		E5233A2EF3EBD0703A3CD62B /* Sources */ = {
			isa = PBXSourcesBuildPhase;
			buildActionMask = 2147483647;
			files = (
				30814D765E2D3522EC337CB8 /* ChatWindow.swift in Sources */,
				ED9C1500FD1CC591FCBD26CB /* CodyncMacApp.swift in Sources */,
				CED43A6F2ED71E48C95E9E38 /* HostController.swift in Sources */,
			);
			runOnlyForDeploymentPostprocessing = 0;
		};
		EB674074085209A1C457557E /* Sources */ = {
			isa = PBXSourcesBuildPhase;
			buildActionMask = 2147483647;
			files = (
				1C2298904CADCA68ADF64F6B /* CodyncWidgets.swift in Sources */,
			);
			runOnlyForDeploymentPostprocessing = 0;
		};
/* End PBXSourcesBuildPhase section */

/* Begin PBXTargetDependency section */
		3AA5CFC9DFBBAE9D4564C791 /* PBXTargetDependency */ = {
			isa = PBXTargetDependency;
			target = 95A633B0E0FD05A1D35CA468 /* CodyncWidgets */;
			targetProxy = 65AAB675493CB6BE712818A9 /* PBXContainerItemProxy */;
		};
/* End PBXTargetDependency section */

/* Begin XCBuildConfiguration section */
		0FE1E0F076B087CEBC2AD3BE /* Release */ = {
			isa = XCBuildConfiguration;
			buildSettings = {
				ALWAYS_SEARCH_USER_PATHS = NO;
				CLANG_ANALYZER_NONNULL = YES;
				CLANG_ANALYZER_NUMBER_OBJECT_CONVERSION = YES_AGGRESSIVE;
				CLANG_CXX_LANGUAGE_STANDARD = "gnu++14";
				CLANG_CXX_LIBRARY = "libc++";
				CLANG_ENABLE_MODULES = YES;
				CLANG_ENABLE_OBJC_ARC = YES;
				CLANG_ENABLE_OBJC_WEAK = YES;
				CLANG_WARN_BLOCK_CAPTURE_AUTORELEASING = YES;
				CLANG_WARN_BOOL_CONVERSION = YES;
				CLANG_WARN_COMMA = YES;
				CLANG_WARN_CONSTANT_CONVERSION = YES;
				CLANG_WARN_DEPRECATED_OBJC_IMPLEMENTATIONS = YES;
				CLANG_WARN_DIRECT_OBJC_ISA_USAGE = YES_ERROR;
				CLANG_WARN_DOCUMENTATION_COMMENTS = YES;
				CLANG_WARN_EMPTY_BODY = YES;
				CLANG_WARN_ENUM_CONVERSION = YES;
				CLANG_WARN_INFINITE_RECURSION = YES;
				CLANG_WARN_INT_CONVERSION = YES;
				CLANG_WARN_NON_LITERAL_NULL_CONVERSION = YES;
				CLANG_WARN_OBJC_IMPLICIT_RETAIN_SELF = YES;
				CLANG_WARN_OBJC_LITERAL_CONVERSION = YES;
				CLANG_WARN_OBJC_ROOT_CLASS = YES_ERROR;
				CLANG_WARN_QUOTED_INCLUDE_IN_FRAMEWORK_HEADER = YES;
				CLANG_WARN_RANGE_LOOP_ANALYSIS = YES;
				CLANG_WARN_STRICT_PROTOTYPES = YES;
				CLANG_WARN_SUSPICIOUS_MOVE = YES;
				CLANG_WARN_UNGUARDED_AVAILABILITY = YES_AGGRESSIVE;
				CLANG_WARN_UNREACHABLE_CODE = YES;
				CLANG_WARN__DUPLICATE_METHOD_MATCH = YES;
				CODE_SIGN_STYLE = Automatic;
				COPY_PHASE_STRIP = NO;
				CURRENT_PROJECT_VERSION = 17;
				DEAD_CODE_STRIPPING = YES;
				DEBUG_INFORMATION_FORMAT = "dwarf-with-dsym";
				DEVELOPMENT_TEAM = 7FUM8A8H72;
				ENABLE_NS_ASSERTIONS = NO;
				ENABLE_STRICT_OBJC_MSGSEND = YES;
				ENABLE_USER_SCRIPT_SANDBOXING = NO;
				GCC_C_LANGUAGE_STANDARD = gnu11;
				GCC_NO_COMMON_BLOCKS = YES;
				GCC_WARN_64_TO_32_BIT_CONVERSION = YES;
				GCC_WARN_ABOUT_RETURN_TYPE = YES_ERROR;
				GCC_WARN_UNDECLARED_SELECTOR = YES;
				GCC_WARN_UNINITIALIZED_AUTOS = YES_AGGRESSIVE;
				GCC_WARN_UNUSED_FUNCTION = YES;
				GCC_WARN_UNUSED_VARIABLE = YES;
				IPHONEOS_DEPLOYMENT_TARGET = 18.0;
				MACOSX_DEPLOYMENT_TARGET = 14.0;
				MARKETING_VERSION = 2.0.0;
				MTL_ENABLE_DEBUG_INFO = NO;
				MTL_FAST_MATH = YES;
				PRODUCT_NAME = "$(TARGET_NAME)";
				SWIFT_COMPILATION_MODE = wholemodule;
				SWIFT_OPTIMIZATION_LEVEL = "-O";
				SWIFT_STRICT_CONCURRENCY = complete;
				SWIFT_VERSION = 6.0;
			};
			name = Release;
		};
		54EA3D52E88009D955D76EA4 /* Debug */ = {
			isa = XCBuildConfiguration;
			buildSettings = {
				CODE_SIGN_ENTITLEMENTS = CodyncWidgets/CodyncWidgets.entitlements;
				GENERATE_INFOPLIST_FILE = YES;
				INFOPLIST_FILE = CodyncWidgets/Info.plist;
				INFOPLIST_KEY_CFBundleDisplayName = Codync;
				LD_RUNPATH_SEARCH_PATHS = (
					"$(inherited)",
					"@executable_path/Frameworks",
					"@executable_path/../../Frameworks",
				);
				PRODUCT_BUNDLE_IDENTIFIER = com.pokai.Codync.ios.LiveActivity;
				PRODUCT_NAME = CodyncWidgets;
				SDKROOT = iphoneos;
				SKIP_INSTALL = YES;
				TARGETED_DEVICE_FAMILY = "1,2";
			};
			name = Debug;
		};
		5EAF02B30FB1CCFAE0E18AAE /* Debug */ = {
			isa = XCBuildConfiguration;
			buildSettings = {
				ASSETCATALOG_COMPILER_APPICON_NAME = AppIcon;
				COMBINE_HIDPI_IMAGES = YES;
				ENABLE_APP_SANDBOX = NO;
				ENABLE_HARDENED_RUNTIME = YES;
				GENERATE_INFOPLIST_FILE = YES;
				INFOPLIST_KEY_CFBundleDisplayName = Codync;
				INFOPLIST_KEY_LSApplicationCategoryType = "public.app-category.developer-tools";
				INFOPLIST_KEY_LSUIElement = YES;
				INFOPLIST_KEY_NSHumanReadableCopyright = "";
				LD_RUNPATH_SEARCH_PATHS = (
					"$(inherited)",
					"@executable_path/../Frameworks",
				);
				PRODUCT_BUNDLE_IDENTIFIER = com.pokai.Codync;
				PRODUCT_NAME = Codync;
				SDKROOT = macosx;
			};
			name = Debug;
		};
		7984345FB6F55041E94F9B88 /* Release */ = {
			isa = XCBuildConfiguration;
			buildSettings = {
				ASSETCATALOG_COMPILER_APPICON_NAME = AppIcon;
				CODE_SIGN_ENTITLEMENTS = "Codync-iOS/Codync-iOS.entitlements";
				CODE_SIGN_IDENTITY = "iPhone Developer";
				GENERATE_INFOPLIST_FILE = YES;
				INFOPLIST_FILE = "Codync-iOS/Info.plist";
				INFOPLIST_KEY_CFBundleDisplayName = Codync;
				INFOPLIST_KEY_ITSAppUsesNonExemptEncryption = NO;
				INFOPLIST_KEY_LSApplicationCategoryType = "public.app-category.developer-tools";
				INFOPLIST_KEY_NSCameraUsageDescription = "Scan the pairing code shown on your computer.";
				INFOPLIST_KEY_NSLocalNetworkUsageDescription = "Codync connects to the computer running your bots on your local network.";
				INFOPLIST_KEY_NSSupportsLiveActivities = YES;
				INFOPLIST_KEY_UIApplicationSceneManifest_Generation = YES;
				INFOPLIST_KEY_UIApplicationSupportsIndirectInputEvents = YES;
				INFOPLIST_KEY_UILaunchScreen_Generation = YES;
				INFOPLIST_KEY_UISupportedInterfaceOrientations_iPad = "UIInterfaceOrientationPortrait UIInterfaceOrientationPortraitUpsideDown UIInterfaceOrientationLandscapeLeft UIInterfaceOrientationLandscapeRight";
				INFOPLIST_KEY_UISupportedInterfaceOrientations_iPhone = UIInterfaceOrientationPortrait;
				LD_RUNPATH_SEARCH_PATHS = (
					"$(inherited)",
					"@executable_path/Frameworks",
				);
				PRODUCT_BUNDLE_IDENTIFIER = com.pokai.Codync.ios;
				PRODUCT_NAME = Codync;
				SDKROOT = iphoneos;
				TARGETED_DEVICE_FAMILY = "1,2";
			};
			name = Release;
		};
		7AECEDF558C927EA14CD5EB5 /* Release */ = {
			isa = XCBuildConfiguration;
			buildSettings = {
				ASSETCATALOG_COMPILER_APPICON_NAME = AppIcon;
				COMBINE_HIDPI_IMAGES = YES;
				ENABLE_APP_SANDBOX = NO;
				ENABLE_HARDENED_RUNTIME = YES;
				GENERATE_INFOPLIST_FILE = YES;
				INFOPLIST_KEY_CFBundleDisplayName = Codync;
				INFOPLIST_KEY_LSApplicationCategoryType = "public.app-category.developer-tools";
				INFOPLIST_KEY_LSUIElement = YES;
				INFOPLIST_KEY_NSHumanReadableCopyright = "";
				LD_RUNPATH_SEARCH_PATHS = (
					"$(inherited)",
					"@executable_path/../Frameworks",
				);
				PRODUCT_BUNDLE_IDENTIFIER = com.pokai.Codync;
				PRODUCT_NAME = Codync;
				SDKROOT = macosx;
			};
			name = Release;
		};
		A8BF4A3388AA1B9ECD65A197 /* Debug */ = {
			isa = XCBuildConfiguration;
			buildSettings = {
				ALWAYS_SEARCH_USER_PATHS = NO;
				CLANG_ANALYZER_NONNULL = YES;
				CLANG_ANALYZER_NUMBER_OBJECT_CONVERSION = YES_AGGRESSIVE;
				CLANG_CXX_LANGUAGE_STANDARD = "gnu++14";
				CLANG_CXX_LIBRARY = "libc++";
				CLANG_ENABLE_MODULES = YES;
				CLANG_ENABLE_OBJC_ARC = YES;
				CLANG_ENABLE_OBJC_WEAK = YES;
				CLANG_WARN_BLOCK_CAPTURE_AUTORELEASING = YES;
				CLANG_WARN_BOOL_CONVERSION = YES;
				CLANG_WARN_COMMA = YES;
				CLANG_WARN_CONSTANT_CONVERSION = YES;
				CLANG_WARN_DEPRECATED_OBJC_IMPLEMENTATIONS = YES;
				CLANG_WARN_DIRECT_OBJC_ISA_USAGE = YES_ERROR;
				CLANG_WARN_DOCUMENTATION_COMMENTS = YES;
				CLANG_WARN_EMPTY_BODY = YES;
				CLANG_WARN_ENUM_CONVERSION = YES;
				CLANG_WARN_INFINITE_RECURSION = YES;
				CLANG_WARN_INT_CONVERSION = YES;
				CLANG_WARN_NON_LITERAL_NULL_CONVERSION = YES;
				CLANG_WARN_OBJC_IMPLICIT_RETAIN_SELF = YES;
				CLANG_WARN_OBJC_LITERAL_CONVERSION = YES;
				CLANG_WARN_OBJC_ROOT_CLASS = YES_ERROR;
				CLANG_WARN_QUOTED_INCLUDE_IN_FRAMEWORK_HEADER = YES;
				CLANG_WARN_RANGE_LOOP_ANALYSIS = YES;
				CLANG_WARN_STRICT_PROTOTYPES = YES;
				CLANG_WARN_SUSPICIOUS_MOVE = YES;
				CLANG_WARN_UNGUARDED_AVAILABILITY = YES_AGGRESSIVE;
				CLANG_WARN_UNREACHABLE_CODE = YES;
				CLANG_WARN__DUPLICATE_METHOD_MATCH = YES;
				CODE_SIGN_STYLE = Automatic;
				COPY_PHASE_STRIP = NO;
				CURRENT_PROJECT_VERSION = 17;
				DEAD_CODE_STRIPPING = YES;
				DEBUG_INFORMATION_FORMAT = dwarf;
				DEVELOPMENT_TEAM = 7FUM8A8H72;
				ENABLE_STRICT_OBJC_MSGSEND = YES;
				ENABLE_TESTABILITY = YES;
				ENABLE_USER_SCRIPT_SANDBOXING = NO;
				GCC_C_LANGUAGE_STANDARD = gnu11;
				GCC_DYNAMIC_NO_PIC = NO;
				GCC_NO_COMMON_BLOCKS = YES;
				GCC_OPTIMIZATION_LEVEL = 0;
				GCC_PREPROCESSOR_DEFINITIONS = (
					"$(inherited)",
					"DEBUG=1",
				);
				GCC_WARN_64_TO_32_BIT_CONVERSION = YES;
				GCC_WARN_ABOUT_RETURN_TYPE = YES_ERROR;
				GCC_WARN_UNDECLARED_SELECTOR = YES;
				GCC_WARN_UNINITIALIZED_AUTOS = YES_AGGRESSIVE;
				GCC_WARN_UNUSED_FUNCTION = YES;
				GCC_WARN_UNUSED_VARIABLE = YES;
				IPHONEOS_DEPLOYMENT_TARGET = 18.0;
				MACOSX_DEPLOYMENT_TARGET = 14.0;
				MARKETING_VERSION = 2.0.0;
				MTL_ENABLE_DEBUG_INFO = INCLUDE_SOURCE;
				MTL_FAST_MATH = YES;
				ONLY_ACTIVE_ARCH = YES;
				PRODUCT_NAME = "$(TARGET_NAME)";
				SWIFT_ACTIVE_COMPILATION_CONDITIONS = DEBUG;
				SWIFT_OPTIMIZATION_LEVEL = "-Onone";
				SWIFT_STRICT_CONCURRENCY = complete;
				SWIFT_VERSION = 6.0;
			};
			name = Debug;
		};
		AE9BE3BA396DE6267749F8AF /* Release */ = {
			isa = XCBuildConfiguration;
			buildSettings = {
				CODE_SIGN_ENTITLEMENTS = CodyncWidgets/CodyncWidgets.entitlements;
				GENERATE_INFOPLIST_FILE = YES;
				INFOPLIST_FILE = CodyncWidgets/Info.plist;
				INFOPLIST_KEY_CFBundleDisplayName = Codync;
				LD_RUNPATH_SEARCH_PATHS = (
					"$(inherited)",
					"@executable_path/Frameworks",
					"@executable_path/../../Frameworks",
				);
				PRODUCT_BUNDLE_IDENTIFIER = com.pokai.Codync.ios.LiveActivity;
				PRODUCT_NAME = CodyncWidgets;
				SDKROOT = iphoneos;
				SKIP_INSTALL = YES;
				TARGETED_DEVICE_FAMILY = "1,2";
			};
			name = Release;
		};
		F1217CDE3A9CDFEC5BE16BD6 /* Debug */ = {
			isa = XCBuildConfiguration;
			buildSettings = {
				ASSETCATALOG_COMPILER_APPICON_NAME = AppIcon;
				CODE_SIGN_ENTITLEMENTS = "Codync-iOS/Codync-iOS.entitlements";
				CODE_SIGN_IDENTITY = "iPhone Developer";
				GENERATE_INFOPLIST_FILE = YES;
				INFOPLIST_FILE = "Codync-iOS/Info.plist";
				INFOPLIST_KEY_CFBundleDisplayName = Codync;
				INFOPLIST_KEY_ITSAppUsesNonExemptEncryption = NO;
				INFOPLIST_KEY_LSApplicationCategoryType = "public.app-category.developer-tools";
				INFOPLIST_KEY_NSCameraUsageDescription = "Scan the pairing code shown on your computer.";
				INFOPLIST_KEY_NSLocalNetworkUsageDescription = "Codync connects to the computer running your bots on your local network.";
				INFOPLIST_KEY_NSSupportsLiveActivities = YES;
				INFOPLIST_KEY_UIApplicationSceneManifest_Generation = YES;
				INFOPLIST_KEY_UIApplicationSupportsIndirectInputEvents = YES;
				INFOPLIST_KEY_UILaunchScreen_Generation = YES;
				INFOPLIST_KEY_UISupportedInterfaceOrientations_iPad = "UIInterfaceOrientationPortrait UIInterfaceOrientationPortraitUpsideDown UIInterfaceOrientationLandscapeLeft UIInterfaceOrientationLandscapeRight";
				INFOPLIST_KEY_UISupportedInterfaceOrientations_iPhone = UIInterfaceOrientationPortrait;
				LD_RUNPATH_SEARCH_PATHS = (
					"$(inherited)",
					"@executable_path/Frameworks",
				);
				PRODUCT_BUNDLE_IDENTIFIER = com.pokai.Codync.ios;
				PRODUCT_NAME = Codync;
				SDKROOT = iphoneos;
				TARGETED_DEVICE_FAMILY = "1,2";
			};
			name = Debug;
		};
/* End XCBuildConfiguration section */

/* Begin XCConfigurationList section */
		055E41E3751AF5C2889C3938 /* Build configuration list for PBXNativeTarget "Codync-macOS" */ = {
			isa = XCConfigurationList;
			buildConfigurations = (
				5EAF02B30FB1CCFAE0E18AAE /* Debug */,
				7AECEDF558C927EA14CD5EB5 /* Release */,
			);
			defaultConfigurationIsVisible = 0;
			defaultConfigurationName = Debug;
		};
		300BC84D64F107B41629DDFD /* Build configuration list for PBXNativeTarget "Codync-iOS" */ = {
			isa = XCConfigurationList;
			buildConfigurations = (
				F1217CDE3A9CDFEC5BE16BD6 /* Debug */,
				7984345FB6F55041E94F9B88 /* Release */,
			);
			defaultConfigurationIsVisible = 0;
			defaultConfigurationName = Debug;
		};
		44E0D659F23143196DD57DE0 /* Build configuration list for PBXNativeTarget "CodyncWidgets" */ = {
			isa = XCConfigurationList;
			buildConfigurations = (
				54EA3D52E88009D955D76EA4 /* Debug */,
				AE9BE3BA396DE6267749F8AF /* Release */,
			);
			defaultConfigurationIsVisible = 0;
			defaultConfigurationName = Debug;
		};
		F977CF173B7D60769B393751 /* Build configuration list for PBXProject "Codync" */ = {
			isa = XCConfigurationList;
			buildConfigurations = (
				A8BF4A3388AA1B9ECD65A197 /* Debug */,
				0FE1E0F076B087CEBC2AD3BE /* Release */,
			);
			defaultConfigurationIsVisible = 0;
			defaultConfigurationName = Debug;
		};
/* End XCConfigurationList section */

/* Begin XCLocalSwiftPackageReference section */
		F89E9C0E1EDA8BE6657FAB55 /* XCLocalSwiftPackageReference "CodyncKit" */ = {
			isa = XCLocalSwiftPackageReference;
			relativePath = CodyncKit;
		};
/* End XCLocalSwiftPackageReference section */

/* Begin XCSwiftPackageProductDependency section */
		234AA35A60DF7D3E6D7CA45E /* CodyncKit */ = {
			isa = XCSwiftPackageProductDependency;
			productName = CodyncKit;
		};
		4364B5D2EE15CB00ACF26E5D /* CodyncKit */ = {
			isa = XCSwiftPackageProductDependency;
			productName = CodyncKit;
		};
		5DAFE014EAFE809C427A475D /* CodyncUI */ = {
			isa = XCSwiftPackageProductDependency;
			productName = CodyncUI;
		};
		C3EC157070A9B0A033C7F2A0 /* CodyncUI */ = {
			isa = XCSwiftPackageProductDependency;
			productName = CodyncUI;
		};
		CDE38864BDC425F1240E1C02 /* CodyncKit */ = {
			isa = XCSwiftPackageProductDependency;
			productName = CodyncKit;
		};
/* End XCSwiftPackageProductDependency section */
	};
	rootObject = 5B6351DD20AF4506794D6460 /* Project object */;
}
